// !$*UTF8*$!
{
	archiveVersion = 1;
	classes = {
	};
	objectVersion = 56;
	objects = {

/* Begin PBXBuildFile section */
		97167A2329D3791400742501 /* FruitDetailView.swift in Sources */ = {isa = PBXBuildFile; fileRef = 97167A2229D3791400742501 /* FruitDetailView.swift */; };
		97167A2529D37D3800742501 /* FruitHeaderView.swift in Sources */ = {isa = PBXBuildFile; fileRef = 97167A2429D37D3800742501 /* FruitHeaderView.swift */; };
		97167A2729D380F900742501 /* SourceLinkView.swift in Sources */ = {isa = PBXBuildFile; fileRef = 97167A2629D380F900742501 /* SourceLinkView.swift */; };
		97167A2929D3857A00742501 /* FruitNutrientsView.swift in Sources */ = {isa = PBXBuildFile; fileRef = 97167A2829D3857A00742501 /* FruitNutrientsView.swift */; };
		97167A2B29D38A9200742501 /* SettingsView.swift in Sources */ = {isa = PBXBuildFile; fileRef = 97167A2A29D38A9200742501 /* SettingsView.swift */; };
		97167A2D29D3935600742501 /* SettingsLabelView.swift in Sources */ = {isa = PBXBuildFile; fileRef = 97167A2C29D3935600742501 /* SettingsLabelView.swift */; };
		974719A229D3499000401B30 /* FructusApp.swift in Sources */ = {isa = PBXBuildFile; fileRef = 974719A129D3499000401B30 /* FructusApp.swift */; };
		974719A429D3499000401B30 /* ContentView.swift in Sources */ = {isa = PBXBuildFile; fileRef = 974719A329D3499000401B30 /* ContentView.swift */; };
		974719A629D3499100401B30 /* Assets.xcassets in Resources */ = {isa = PBXBuildFile; fileRef = 974719A529D3499100401B30 /* Assets.xcassets */; };
		974719A929D3499100401B30 /* Preview Assets.xcassets in Resources */ = {isa = PBXBuildFile; fileRef = 974719A829D3499100401B30 /* Preview Assets.xcassets */; };
		974719B229D34CD500401B30 /* FruitCardView.swift in Sources */ = {isa = PBXBuildFile; fileRef = 974719B129D34CD500401B30 /* FruitCardView.swift */; };
		97566F4029D3AA3200B2A1BB /* SettingsRowView.swift in Sources */ = {isa = PBXBuildFile; fileRef = 97566F3F29D3AA3200B2A1BB /* SettingsRowView.swift */; };
		97A9B8DD29D355680087FF5D /* StartButtonView.swift in Sources */ = {isa = PBXBuildFile; fileRef = 97A9B8DC29D355680087FF5D /* StartButtonView.swift */; };
		97A9B8DF29D35C820087FF5D /* OnboardingView.swift in Sources */ = {isa = PBXBuildFile; fileRef = 97A9B8DE29D35C820087FF5D /* OnboardingView.swift */; };
		97A9B8E229D35DF20087FF5D /* FruitModel.swift in Sources */ = {isa = PBXBuildFile; fileRef = 97A9B8E129D35DF20087FF5D /* FruitModel.swift */; };
		97A9B8E529D35F530087FF5D /* FruitData.swift in Sources */ = {isa = PBXBuildFile; fileRef = 97A9B8E429D35F530087FF5D /* FruitData.swift */; };
		97A9B8E729D36ED60087FF5D /* FruitRowView.swift in Sources */ = {isa = PBXBuildFile; fileRef = 97A9B8E629D36ED60087FF5D /* FruitRowView.swift */; };
/* End PBXBuildFile section */

/* Begin PBXFileReference section */
		97167A2229D3791400742501 /* FruitDetailView.swift */ = {isa = PBXFileReference; lastKnownFileType = sourcecode.swift; path = FruitDetailView.swift; sourceTree = "<group>"; };
		97167A2429D37D3800742501 /* FruitHeaderView.swift */ = {isa = PBXFileReference; lastKnownFileType = sourcecode.swift; path = FruitHeaderView.swift; sourceTree = "<group>"; };
		97167A2629D380F900742501 /* SourceLinkView.swift */ = {isa = PBXFileReference; lastKnownFileType = sourcecode.swift; path = SourceLinkView.swift; sourceTree = "<group>"; };
		97167A2829D3857A00742501 /* FruitNutrientsView.swift */ = {isa = PBXFileReference; lastKnownFileType = sourcecode.swift; path = FruitNutrientsView.swift; sourceTree = "<group>"; };
		97167A2A29D38A9200742501 /* SettingsView.swift */ = {isa = PBXFileReference; lastKnownFileType = sourcecode.swift; path = SettingsView.swift; sourceTree = "<group>"; };
		97167A2C29D3935600742501 /* SettingsLabelView.swift */ = {isa = PBXFileReference; lastKnownFileType = sourcecode.swift; path = SettingsLabelView.swift; sourceTree = "<group>"; };
		9747199E29D3499000401B30 /* Fructus.app */ = {isa = PBXFileReference; explicitFileType = wrapper.application; includeInIndex = 0; path = Fructus.app; sourceTree = BUILT_PRODUCTS_DIR; };
		974719A129D3499000401B30 /* FructusApp.swift */ = {isa = PBXFileReference; lastKnownFileType = sourcecode.swift; path = FructusApp.swift; sourceTree = "<group>"; };
		974719A329D3499000401B30 /* ContentView.swift */ = {isa = PBXFileReference; lastKnownFileType = sourcecode.swift; path = ContentView.swift; sourceTree = "<group>"; };
		974719A529D3499100401B30 /* Assets.xcassets */ = {isa = PBXFileReference; lastKnownFileType = folder.assetcatalog; path = Assets.xcassets; sourceTree = "<group>"; };
		974719A829D3499100401B30 /* Preview Assets.xcassets */ = {isa = PBXFileReference; lastKnownFileType = folder.assetcatalog; path = "Preview Assets.xcassets"; sourceTree = "<group>"; };
		974719B129D34CD500401B30 /* FruitCardView.swift */ = {isa = PBXFileReference; lastKnownFileType = sourcecode.swift; path = FruitCardView.swift; sourceTree = "<group>"; };
		97566F3F29D3AA3200B2A1BB /* SettingsRowView.swift */ = {isa = PBXFileReference; lastKnownFileType = sourcecode.swift; path = SettingsRowView.swift; sourceTree = "<group>"; };
		97A9B8DC29D355680087FF5D /* StartButtonView.swift */ = {isa = PBXFileReference; lastKnownFileType = sourcecode.swift; path = StartButtonView.swift; sourceTree = "<group>"; };
		97A9B8DE29D35C820087FF5D /* OnboardingView.swift */ = {isa = PBXFileReference; lastKnownFileType = sourcecode.swift; path = OnboardingView.swift; sourceTree = "<group>"; };
		97A9B8E129D35DF20087FF5D /* FruitModel.swift */ = {isa = PBXFileReference; lastKnownFileType = sourcecode.swift; path = FruitModel.swift; sourceTree = "<group>"; };
		97A9B8E429D35F530087FF5D /* FruitData.swift */ = {isa = PBXFileReference; lastKnownFileType = sourcecode.swift; path = FruitData.swift; sourceTree = "<group>"; };
		97A9B8E629D36ED60087FF5D /* FruitRowView.swift */ = {isa = PBXFileReference; lastKnownFileType = sourcecode.swift; path = FruitRowView.swift; sourceTree = "<group>"; };
/* End PBXFileReference section */

/* Begin PBXFrameworksBuildPhase section */
		9747199B29D3499000401B30 /* Frameworks */ = {
			isa = PBXFrameworksBuildPhase;
			buildActionMask = 2147483647;
			files = (
			);
			runOnlyForDeploymentPostprocessing = 0;
		};
/* End PBXFrameworksBuildPhase section */

/* Begin PBXGroup section */
		9747199529D3499000401B30 = {
			isa = PBXGroup;
			children = (
				974719A029D3499000401B30 /* Fructus */,
				9747199F29D3499000401B30 /* Products */,
			);
			sourceTree = "<group>";
		};
		9747199F29D3499000401B30 /* Products */ = {
			isa = PBXGroup;
			children = (
				9747199E29D3499000401B30 /* Fructus.app */,
			);
			name = Products;
			sourceTree = "<group>";
		};
		974719A029D3499000401B30 /* Fructus */ = {
			isa = PBXGroup;
			children = (
				974719AF29D34CA800401B30 /* App */,
				97A9B8E329D35EBA0087FF5D /* Data */,
				97A9B8E029D35DD40087FF5D /* Model */,
				974719B029D34CC100401B30 /* View */,
				974719A529D3499100401B30 /* Assets.xcassets */,
				974719A729D3499100401B30 /* Preview Content */,
			);
			path = Fructus;
			sourceTree = "<group>";
		};
		974719A729D3499100401B30 /* Preview Content */ = {
			isa = PBXGroup;
			children = (
				974719A829D3499100401B30 /* Preview Assets.xcassets */,
			);
			path = "Preview Content";
			sourceTree = "<group>";
		};
		974719AF29D34CA800401B30 /* App */ = {
			isa = PBXGroup;
			children = (
				974719A129D3499000401B30 /* FructusApp.swift */,
				974719A329D3499000401B30 /* ContentView.swift */,
				97167A2A29D38A9200742501 /* SettingsView.swift */,
				97167A2229D3791400742501 /* FruitDetailView.swift */,
				97A9B8DE29D35C820087FF5D /* OnboardingView.swift */,
			);
			path = App;
			sourceTree = "<group>";
		};
		974719B029D34CC100401B30 /* View */ = {
			isa = PBXGroup;
			children = (
				97A9B8E629D36ED60087FF5D /* FruitRowView.swift */,
				974719B129D34CD500401B30 /* FruitCardView.swift */,
				97167A2629D380F900742501 /* SourceLinkView.swift */,
				97A9B8DC29D355680087FF5D /* StartButtonView.swift */,
				97167A2429D37D3800742501 /* FruitHeaderView.swift */,
				97167A2829D3857A00742501 /* FruitNutrientsView.swift */,
				97167A2C29D3935600742501 /* SettingsLabelView.swift */,
				97566F3F29D3AA3200B2A1BB /* SettingsRowView.swift */,
			);
			path = View;
			sourceTree = "<group>";
		};
		97A9B8E029D35DD40087FF5D /* Model */ = {
			isa = PBXGroup;
			children = (
				97A9B8E129D35DF20087FF5D /* FruitModel.swift */,
			);
			path = Model;
			sourceTree = "<group>";
		};
		97A9B8E329D35EBA0087FF5D /* Data */ = {
			isa = PBXGroup;
			children = (
				97A9B8E429D35F530087FF5D /* FruitData.swift */,
			);
			path = Data;
			sourceTree = "<group>";
		};
/* End PBXGroup section */

/* Begin PBXNativeTarget section */
		9747199D29D3499000401B30 /* Fructus */ = {
			isa = PBXNativeTarget;
			buildConfigurationList = 974719AC29D3499100401B30 /* Build configuration list for PBXNativeTarget "Fructus" */;
			buildPhases = (
				9747199A29D3499000401B30 /* Sources */,
				9747199B29D3499000401B30 /* Frameworks */,
				9747199C29D3499000401B30 /* Resources */,
			);
			buildRules = (
			);
			dependencies = (
			);
			name = Fructus;
			productName = Fructus;
			productReference = 9747199E29D3499000401B30 /* Fructus.app */;
			productType = "com.apple.product-type.application";
		};
/* End PBXNativeTarget section */

/* Begin PBXProject section */
		9747199629D3499000401B30 /* Project object */ = {
			isa = PBXProject;
			attributes = {
				BuildIndependentTargetsInParallel = 1;
				LastSwiftUpdateCheck = 1420;
				LastUpgradeCheck = 1420;
				TargetAttributes = {
					9747199D29D3499000401B30 = {
						CreatedOnToolsVersion = 14.2;
					};
				};
			};
			buildConfigurationList = 9747199929D3499000401B30 /* Build configuration list for PBXProject "Fructus" */;
			compatibilityVersion = "Xcode 14.0";
			developmentRegion = en;
			hasScannedForEncodings = 0;
			knownRegions = (
				en,
				Base,
			);
			mainGroup = 9747199529D3499000401B30;
			productRefGroup = 9747199F29D3499000401B30 /* Products */;
			projectDirPath = "";
			projectRoot = "";
			targets = (
				9747199D29D3499000401B30 /* Fructus */,
			);
		};
/* End PBXProject section */

/* Begin PBXResourcesBuildPhase section */
		9747199C29D3499000401B30 /* Resources */ = {
			isa = PBXResourcesBuildPhase;
			buildActionMask = 2147483647;
			files = (
				974719A929D3499100401B30 /* Preview Assets.xcassets in Resources */,
				974719A629D3499100401B30 /* Assets.xcassets in Resources */,
			);
			runOnlyForDeploymentPostprocessing = 0;
		};
/* End PBXResourcesBuildPhase section */

/* Begin PBXSourcesBuildPhase section */
		9747199A29D3499000401B30 /* Sources */ = {
			isa = PBXSourcesBuildPhase;
			buildActionMask = 2147483647;
			files = (
				97A9B8E529D35F530087FF5D /* FruitData.swift in Sources */,
				97167A2729D380F900742501 /* SourceLinkView.swift in Sources */,
				97566F4029D3AA3200B2A1BB /* SettingsRowView.swift in Sources */,
				974719B229D34CD500401B30 /* FruitCardView.swift in Sources */,
				97A9B8E729D36ED60087FF5D /* FruitRowView.swift in Sources */,
				97167A2929D3857A00742501 /* FruitNutrientsView.swift in Sources */,
				97A9B8DD29D355680087FF5D /* StartButtonView.swift in Sources */,
				97167A2329D3791400742501 /* FruitDetailView.swift in Sources */,
				974719A429D3499000401B30 /* ContentView.swift in Sources */,
				97167A2529D37D3800742501 /* FruitHeaderView.swift in Sources */,
				97A9B8DF29D35C820087FF5D /* OnboardingView.swift in Sources */,
				97167A2D29D3935600742501 /* SettingsLabelView.swift in Sources */,
				97A9B8E229D35DF20087FF5D /* FruitModel.swift in Sources */,
				974719A229D3499000401B30 /* FructusApp.swift in Sources */,
				97167A2B29D38A9200742501 /* SettingsView.swift in Sources */,
			);
			runOnlyForDeploymentPostprocessing = 0;
		};
/* End PBXSourcesBuildPhase section */

/* Begin XCBuildConfiguration section */
		974719AA29D3499100401B30 /* Debug */ = {
			isa = XCBuildConfiguration;
			buildSettings = {
				ALWAYS_SEARCH_USER_PATHS = NO;
				CLANG_ANALYZER_NONNULL = YES;
				CLANG_ANALYZER_NUMBER_OBJECT_CONVERSION = YES_AGGRESSIVE;
				CLANG_CXX_LANGUAGE_STANDARD = "gnu++20";
				CLANG_ENABLE_MODULES = YES;
				CLANG_ENABLE_OBJC_ARC = YES;
				CLANG_ENABLE_OBJC_WEAK = YES;
				CLANG_WARN_BLOCK_CAPTURE_AUTORELEASING = YES;
				CLANG_WARN_BOOL_CONVERSION = YES;
				CLANG_WARN_COMMA = YES;
				CLANG_WARN_CONSTANT_CONVERSION = YES;
				CLANG_WARN_DEPRECATED_OBJC_IMPLEMENTATIONS = YES;
				CLANG_WARN_DIRECT_OBJC_ISA_USAGE = YES_ERROR;
				CLANG_WARN_DOCUMENTATION_COMMENTS = YES;
				CLANG_WARN_EMPTY_BODY = YES;
				CLANG_WARN_ENUM_CONVERSION = YES;
				CLANG_WARN_INFINITE_RECURSION = YES;
				CLANG_WARN_INT_CONVERSION = YES;
				CLANG_WARN_NON_LITERAL_NULL_CONVERSION = YES;
				CLANG_WARN_OBJC_IMPLICIT_RETAIN_SELF = YES;
				CLANG_WARN_OBJC_LITERAL_CONVERSION = YES;
				CLANG_WARN_OBJC_ROOT_CLASS = YES_ERROR;
				CLANG_WARN_QUOTED_INCLUDE_IN_FRAMEWORK_HEADER = YES;
				CLANG_WARN_RANGE_LOOP_ANALYSIS = YES;
				CLANG_WARN_STRICT_PROTOTYPES = YES;
				CLANG_WARN_SUSPICIOUS_MOVE = YES;
				CLANG_WARN_UNGUARDED_AVAILABILITY = YES_AGGRESSIVE;
				CLANG_WARN_UNREACHABLE_CODE = YES;
				CLANG_WARN__DUPLICATE_METHOD_MATCH = YES;
				COPY_PHASE_STRIP = NO;
				DEBUG_INFORMATION_FORMAT = dwarf;
				ENABLE_STRICT_OBJC_MSGSEND = YES;
				ENABLE_TESTABILITY = YES;
				GCC_C_LANGUAGE_STANDARD = gnu11;
				GCC_DYNAMIC_NO_PIC = NO;
				GCC_NO_COMMON_BLOCKS = YES;
				GCC_OPTIMIZATION_LEVEL = 0;
				GCC_PREPROCESSOR_DEFINITIONS = (
					"DEBUG=1",
					"$(inherited)",
				);
				GCC_WARN_64_TO_32_BIT_CONVERSION = YES;
				GCC_WARN_ABOUT_RETURN_TYPE = YES_ERROR;
				GCC_WARN_UNDECLARED_SELECTOR = YES;
				GCC_WARN_UNINITIALIZED_AUTOS = YES_AGGRESSIVE;
				GCC_WARN_UNUSED_FUNCTION = YES;
				GCC_WARN_UNUSED_VARIABLE = YES;
				IPHONEOS_DEPLOYMENT_TARGET = 16.2;
				MTL_ENABLE_DEBUG_INFO = INCLUDE_SOURCE;
				MTL_FAST_MATH = YES;
				ONLY_ACTIVE_ARCH = YES;
				SDKROOT = iphoneos;
				SWIFT_ACTIVE_COMPILATION_CONDITIONS = DEBUG;
				SWIFT_OPTIMIZATION_LEVEL = "-Onone";
			};
			name = Debug;
		};
		974719AB29D3499100401B30 /* Release */ = {
			isa = XCBuildConfiguration;
			buildSettings = {
				ALWAYS_SEARCH_USER_PATHS = NO;
				CLANG_ANALYZER_NONNULL = YES;
				CLANG_ANALYZER_NUMBER_OBJECT_CONVERSION = YES_AGGRESSIVE;
				CLANG_CXX_LANGUAGE_STANDARD = "gnu++20";
				CLANG_ENABLE_MODULES = YES;
				CLANG_ENABLE_OBJC_ARC = YES;
				CLANG_ENABLE_OBJC_WEAK = YES;
				CLANG_WARN_BLOCK_CAPTURE_AUTORELEASING = YES;
				CLANG_WARN_BOOL_CONVERSION = YES;
				CLANG_WARN_COMMA = YES;
				CLANG_WARN_CONSTANT_CONVERSION = YES;
				CLANG_WARN_DEPRECATED_OBJC_IMPLEMENTATIONS = YES;
				CLANG_WARN_DIRECT_OBJC_ISA_USAGE = YES_ERROR;
				CLANG_WARN_DOCUMENTATION_COMMENTS = YES;
				CLANG_WARN_EMPTY_BODY = YES;
				CLANG_WARN_ENUM_CONVERSION = YES;
				CLANG_WARN_INFINITE_RECURSION = YES;
				CLANG_WARN_INT_CONVERSION = YES;
				CLANG_WARN_NON_LITERAL_NULL_CONVERSION = YES;
				CLANG_WARN_OBJC_IMPLICIT_RETAIN_SELF = YES;
				CLANG_WARN_OBJC_LITERAL_CONVERSION = YES;
				CLANG_WARN_OBJC_ROOT_CLASS = YES_ERROR;
				CLANG_WARN_QUOTED_INCLUDE_IN_FRAMEWORK_HEADER = YES;
				CLANG_WARN_RANGE_LOOP_ANALYSIS = YES;
				CLANG_WARN_STRICT_PROTOTYPES = YES;
				CLANG_WARN_SUSPICIOUS_MOVE = YES;
				CLANG_WARN_UNGUARDED_AVAILABILITY = YES_AGGRESSIVE;
				CLANG_WARN_UNREACHABLE_CODE = YES;
				CLANG_WARN__DUPLICATE_METHOD_MATCH = YES;
				COPY_PHASE_STRIP = NO;
				DEBUG_INFORMATION_FORMAT = "dwarf-with-dsym";
				ENABLE_NS_ASSERTIONS = NO;
				ENABLE_STRICT_OBJC_MSGSEND = YES;
				GCC_C_LANGUAGE_STANDARD = gnu11;
				GCC_NO_COMMON_BLOCKS = YES;
				GCC_WARN_64_TO_32_BIT_CONVERSION = YES;
				GCC_WARN_ABOUT_RETURN_TYPE = YES_ERROR;
				GCC_WARN_UNDECLARED_SELECTOR = YES;
				GCC_WARN_UNINITIALIZED_AUTOS = YES_AGGRESSIVE;
				GCC_WARN_UNUSED_FUNCTION = YES;
				GCC_WARN_UNUSED_VARIABLE = YES;
				IPHONEOS_DEPLOYMENT_TARGET = 16.2;
				MTL_ENABLE_DEBUG_INFO = NO;
				MTL_FAST_MATH = YES;
				SDKROOT = iphoneos;
				SWIFT_COMPILATION_MODE = wholemodule;
				SWIFT_OPTIMIZATION_LEVEL = "-O";
				VALIDATE_PRODUCT = YES;
			};
			name = Release;
		};
		974719AD29D3499100401B30 /* Debug */ = {
			isa = XCBuildConfiguration;
			buildSettings = {
				ASSETCATALOG_COMPILER_APPICON_NAME = AppIcon;
				ASSETCATALOG_COMPILER_GLOBAL_ACCENT_COLOR_NAME = AccentColor;
				CODE_SIGN_STYLE = Automatic;
				CURRENT_PROJECT_VERSION = 1;
				DEVELOPMENT_ASSET_PATHS = "\"Fructus/Preview Content\"";
				DEVELOPMENT_TEAM = CAWU778PAQ;
				ENABLE_PREVIEWS = YES;
				GENERATE_INFOPLIST_FILE = YES;
				INFOPLIST_KEY_UIApplicationSceneManifest_Generation = YES;
				INFOPLIST_KEY_UIApplicationSupportsIndirectInputEvents = YES;
				INFOPLIST_KEY_UILaunchScreen_Generation = YES;
				INFOPLIST_KEY_UISupportedInterfaceOrientations = UIInterfaceOrientationPortrait;
				LD_RUNPATH_SEARCH_PATHS = (
					"$(inherited)",
					"@executable_path/Frameworks",
				);
				MARKETING_VERSION = 1.0;
				PRODUCT_BUNDLE_IDENTIFIER = com.zkzwk.Fructus;
				PRODUCT_NAME = "$(TARGET_NAME)";
				SWIFT_EMIT_LOC_STRINGS = YES;
				SWIFT_VERSION = 5.0;
				TARGETED_DEVICE_FAMILY = "1,2";
			};
			name = Debug;
		};
		974719AE29D3499100401B30 /* Release */ = {
			isa = XCBuildConfiguration;
			buildSettings = {
				ASSETCATALOG_COMPILER_APPICON_NAME = AppIcon;
				ASSETCATALOG_COMPILER_GLOBAL_ACCENT_COLOR_NAME = AccentColor;
				CODE_SIGN_STYLE = Automatic;
				CURRENT_PROJECT_VERSION = 1;
				DEVELOPMENT_ASSET_PATHS = "\"Fructus/Preview Content\"";
				DEVELOPMENT_TEAM = CAWU778PAQ;
				ENABLE_PREVIEWS = YES;
				GENERATE_INFOPLIST_FILE = YES;
				INFOPLIST_KEY_UIApplicationSceneManifest_Generation = YES;
				INFOPLIST_KEY_UIApplicationSupportsIndirectInputEvents = YES;
				INFOPLIST_KEY_UILaunchScreen_Generation = YES;
				INFOPLIST_KEY_UISupportedInterfaceOrientations = UIInterfaceOrientationPortrait;
				LD_RUNPATH_SEARCH_PATHS = (
					"$(inherited)",
					"@executable_path/Frameworks",
				);
				MARKETING_VERSION = 1.0;
				PRODUCT_BUNDLE_IDENTIFIER = com.zkzwk.Fructus;
				PRODUCT_NAME = "$(TARGET_NAME)";
				SWIFT_EMIT_LOC_STRINGS = YES;
				SWIFT_VERSION = 5.0;
				TARGETED_DEVICE_FAMILY = "1,2";
			};
			name = Release;
		};
/* End XCBuildConfiguration section */

/* Begin XCConfigurationList section */
		9747199929D3499000401B30 /* Build configuration list for PBXProject "Fructus" */ = {
			isa = XCConfigurationList;
			buildConfigurations = (
				974719AA29D3499100401B30 /* Debug */,
				974719AB29D3499100401B30 /* Release */,
			);
			defaultConfigurationIsVisible = 0;
			defaultConfigurationName = Release;
		};
		974719AC29D3499100401B30 /* Build configuration list for PBXNativeTarget "Fructus" */ = {
			isa = XCConfigurationList;
			buildConfigurations = (
				974719AD29D3499100401B30 /* Debug */,
				974719AE29D3499100401B30 /* Release */,
			);
			defaultConfigurationIsVisible = 0;
			defaultConfigurationName = Release;
		};
/* End XCConfigurationList section */
	};
	rootObject = 9747199629D3499000401B30 /* Project object */;
}
